PODS:
  - PXGradientView (0.1.2):
    - UIColor-MoreColors
  - UIColor-MoreColors (1.1.0)

DEPENDENCIES:
  - PXGradientView (from `../`)

EXTERNAL SOURCES:
  PXGradientView:
    :path: ../

SPEC CHECKSUMS:
  PXGradientView: 7ae150a5fac952c322886978a5922275440f60e1
  UIColor-MoreColors: 66b65dcd322602ccd4d8064037a1ca0b4bb6acb2

COCOAPODS: 0.39.0
